// !$*UTF8*$!
{
	archiveVersion = 1;
	classes = {
	};
	objectVersion = 48;
	objects = {

/* Begin PBXBuildFile section */
		BB93E7A61EE68D3D00B9CCBC /* AppDelegate.swift in Sources */ = {isa = PBXBuildFile; fileRef = BB93E7A51EE68D3D00B9CCBC /* AppDelegate.swift */; };
		BB93E7A81EE68D3D00B9CCBC /* ViewController.swift in Sources */ = {isa = PBXBuildFile; fileRef = BB93E7A71EE68D3D00B9CCBC /* ViewController.swift */; };
		BB93E7AB1EE68D3D00B9CCBC /* Main.storyboard in Resources */ = {isa = PBXBuildFile; fileRef = BB93E7A91EE68D3D00B9CCBC /* Main.storyboard */; };
		BB93E7AD1EE68D3D00B9CCBC /* Assets.xcassets in Resources */ = {isa = PBXBuildFile; fileRef = BB93E7AC1EE68D3D00B9CCBC /* Assets.xcassets */; };
		BB93E7B01EE68D3D00B9CCBC /* LaunchScreen.storyboard in Resources */ = {isa = PBXBuildFile; fileRef = BB93E7AE1EE68D3D00B9CCBC /* LaunchScreen.storyboard */; };
/* End PBXBuildFile section */

/* Begin PBXFileReference section */
		BB93E7A21EE68D3D00B9CCBC /* SourceContrlTest.app */ = {isa = PBXFileReference; explicitFileType = wrapper.application; includeInIndex = 0; path = SourceContrlTest.app; sourceTree = BUILT_PRODUCTS_DIR; };
		BB93E7A51EE68D3D00B9CCBC /* AppDelegate.swift */ = {isa = PBXFileReference; lastKnownFileType = sourcecode.swift; path = AppDelegate.swift; sourceTree = "<group>"; };
		BB93E7A71EE68D3D00B9CCBC /* ViewController.swift */ = {isa = PBXFileReference; lastKnownFileType = sourcecode.swift; path = ViewController.swift; sourceTree = "<group>"; };
		BB93E7AA1EE68D3D00B9CCBC /* Base */ = {isa = PBXFileReference; lastKnownFileType = file.storyboard; name = Base; path = Base.lproj/Main.storyboard; sourceTree = "<group>"; };
		BB93E7AC1EE68D3D00B9CCBC /* Assets.xcassets */ = {isa = PBXFileReference; lastKnownFileType = folder.assetcatalog; path = Assets.xcassets; sourceTree = "<group>"; };
		BB93E7AF1EE68D3D00B9CCBC /* Base */ = {isa = PBXFileReference; lastKnownFileType = file.storyboard; name = Base; path = Base.lproj/LaunchScreen.storyboard; sourceTree = "<group>"; };
		BB93E7B11EE68D3D00B9CCBC /* Info.plist */ = {isa = PBXFileReference; lastKnownFileType = text.plist.xml; path = Info.plist; sourceTree = "<group>"; };
/* End PBXFileReference section */

/* Begin PBXFrameworksBuildPhase section */
		BB93E79F1EE68D3D00B9CCBC /* Frameworks */ = {
			isa = PBXFrameworksBuildPhase;
			buildActionMask = 2147483647;
			files = (
			);
			runOnlyForDeploymentPostprocessing = 0;
		};
/* End PBXFrameworksBuildPhase section */

/* Begin PBXGroup section */
		BB93E7991EE68D3D00B9CCBC = {
			isa = PBXGroup;
			children = (
				BB93E7A41EE68D3D00B9CCBC /* SourceContrlTest */,
				BB93E7A31EE68D3D00B9CCBC /* Products */,
			);
			sourceTree = "<group>";
		};
		BB93E7A31EE68D3D00B9CCBC /* Products */ = {
			isa = PBXGroup;
			children = (
				BB93E7A21EE68D3D00B9CCBC /* SourceContrlTest.app */,
			);
			name = Products;
			sourceTree = "<group>";
		};
		BB93E7A41EE68D3D00B9CCBC /* SourceContrlTest */ = {
			isa = PBXGroup;
			children = (
				BB93E7A51EE68D3D00B9CCBC /* AppDelegate.swift */,
				BB93E7A71EE68D3D00B9CCBC /* ViewController.swift */,
				BB93E7A91EE68D3D00B9CCBC /* Main.storyboard */,
				BB93E7AC1EE68D3D00B9CCBC /* Assets.xcassets */,
				BB93E7AE1EE68D3D00B9CCBC /* LaunchScreen.storyboard */,
				BB93E7B11EE68D3D00B9CCBC /* Info.plist */,
			);
			path = SourceContrlTest;
			sourceTree = "<group>";
		};
/* End PBXGroup section */

/* Begin PBXNativeTarget section */
		BB93E7A11EE68D3D00B9CCBC /* SourceContrlTest */ = {
			isa = PBXNativeTarget;
			buildConfigurationList = BB93E7B41EE68D3D00B9CCBC /* Build configuration list for PBXNativeTarget "SourceContrlTest" */;
			buildPhases = (
				BB93E79E1EE68D3D00B9CCBC /* Sources */,
				BB93E79F1EE68D3D00B9CCBC /* Frameworks */,
				BB93E7A01EE68D3D00B9CCBC /* Resources */,
			);
			buildRules = (
			);
			dependencies = (
			);
			name = SourceContrlTest;
			productName = SourceContrlTest;
			productReference = BB93E7A21EE68D3D00B9CCBC /* SourceContrlTest.app */;
			productType = "com.apple.product-type.application";
		};
/* End PBXNativeTarget section */

/* Begin PBXProject section */
		BB93E79A1EE68D3D00B9CCBC /* Project object */ = {
			isa = PBXProject;
			attributes = {
				LastSwiftUpdateCheck = 0900;
				LastUpgradeCheck = 0900;
				ORGANIZATIONNAME = "Fourplex Labs";
				TargetAttributes = {
					BB93E7A11EE68D3D00B9CCBC = {
						CreatedOnToolsVersion = 9.0;
					};
				};
			};
			buildConfigurationList = BB93E79D1EE68D3D00B9CCBC /* Build configuration list for PBXProject "SourceContrlTest" */;
			compatibilityVersion = "Xcode 8.0";
			developmentRegion = en;
			hasScannedForEncodings = 0;
			knownRegions = (
				en,
				Base,
			);
			mainGroup = BB93E7991EE68D3D00B9CCBC;
			productRefGroup = BB93E7A31EE68D3D00B9CCBC /* Products */;
			projectDirPath = "";
			projectRoot = "";
			targets = (
				BB93E7A11EE68D3D00B9CCBC /* SourceContrlTest */,
			);
		};
/* End PBXProject section */

/* Begin PBXResourcesBuildPhase section */
		BB93E7A01EE68D3D00B9CCBC /* Resources */ = {
			isa = PBXResourcesBuildPhase;
			buildActionMask = 2147483647;
			files = (
				BB93E7B01EE68D3D00B9CCBC /* LaunchScreen.storyboard in Resources */,
				BB93E7AD1EE68D3D00B9CCBC /* Assets.xcassets in Resources */,
				BB93E7AB1EE68D3D00B9CCBC /* Main.storyboard in Resources */,
			);
			runOnlyForDeploymentPostprocessing = 0;
		};
/* End PBXResourcesBuildPhase section */

/* Begin PBXSourcesBuildPhase section */
		BB93E79E1EE68D3D00B9CCBC /* Sources */ = {
			isa = PBXSourcesBuildPhase;
			buildActionMask = 2147483647;
			files = (
				BB93E7A81EE68D3D00B9CCBC /* ViewController.swift in Sources */,
				BB93E7A61EE68D3D00B9CCBC /* AppDelegate.swift in Sources */,
			);
			runOnlyForDeploymentPostprocessing = 0;
		};
/* End PBXSourcesBuildPhase section */

/* Begin PBXVariantGroup section */
		BB93E7A91EE68D3D00B9CCBC /* Main.storyboard */ = {
			isa = PBXVariantGroup;
			children = (
				BB93E7AA1EE68D3D00B9CCBC /* Base */,
			);
			name = Main.storyboard;
			sourceTree = "<group>";
		};
		BB93E7AE1EE68D3D00B9CCBC /* LaunchScreen.storyboard */ = {
			isa = PBXVariantGroup;
			children = (
				BB93E7AF1EE68D3D00B9CCBC /* Base */,
			);
			name = LaunchScreen.storyboard;
			sourceTree = "<group>";
		};
/* End PBXVariantGroup section */

/* Begin XCBuildConfiguration section */
		BB93E7B21EE68D3D00B9CCBC /* Debug */ = {
			isa = XCBuildConfiguration;
			buildSettings = {
				ALWAYS_SEARCH_USER_PATHS = NO;
				CLANG_ANALYZER_NONNULL = YES;
				CLANG_ANALYZER_NUMBER_OBJECT_CONVERSION = YES_AGGRESSIVE;
				CLANG_CXX_LANGUAGE_STANDARD = "gnu++14";
				CLANG_CXX_LIBRARY = "libc++";
				CLANG_ENABLE_MODULES = YES;
				CLANG_ENABLE_OBJC_ARC = YES;
				CLANG_WARN_BLOCK_CAPTURE_AUTORELEASING = YES;
				CLANG_WARN_BOOL_CONVERSION = YES;
				CLANG_WARN_COMMA = YES;
				CLANG_WARN_CONSTANT_CONVERSION = YES;
				CLANG_WARN_DIRECT_OBJC_ISA_USAGE = YES_ERROR;
				CLANG_WARN_DOCUMENTATION_COMMENTS = YES;
				CLANG_WARN_EMPTY_BODY = YES;
				CLANG_WARN_ENUM_CONVERSION = YES;
				CLANG_WARN_INFINITE_RECURSION = YES;
				CLANG_WARN_INT_CONVERSION = YES;
				CLANG_WARN_OBJC_ROOT_CLASS = YES_ERROR;
				CLANG_WARN_RANGE_LOOP_ANALYSIS = YES;
				CLANG_WARN_STRICT_PROTOTYPES = YES;
				CLANG_WARN_SUSPICIOUS_MOVE = YES;
				CLANG_WARN_UNGUARDED_AVAILABILITY = YES_AGGRESSIVE;
				CLANG_WARN_UNREACHABLE_CODE = YES;
				CLANG_WARN__DUPLICATE_METHOD_MATCH = YES;
				CODE_SIGN_IDENTITY = "iPhone Developer";
				COPY_PHASE_STRIP = NO;
				DEBUG_INFORMATION_FORMAT = dwarf;
				ENABLE_STRICT_OBJC_MSGSEND = YES;
				ENABLE_TESTABILITY = YES;
				GCC_C_LANGUAGE_STANDARD = gnu11;
				GCC_DYNAMIC_NO_PIC = NO;
				GCC_NO_COMMON_BLOCKS = YES;
				GCC_OPTIMIZATION_LEVEL = 0;
				GCC_PREPROCESSOR_DEFINITIONS = (
					"DEBUG=1",
					"$(inherited)",
				);
				GCC_WARN_64_TO_32_BIT_CONVERSION = YES;
				GCC_WARN_ABOUT_RETURN_TYPE = YES_ERROR;
				GCC_WARN_UNDECLARED_SELECTOR = YES;
				GCC_WARN_UNINITIALIZED_AUTOS = YES_AGGRESSIVE;
				GCC_WARN_UNUSED_FUNCTION = YES;
				GCC_WARN_UNUSED_VARIABLE = YES;
				IPHONEOS_DEPLOYMENT_TARGET = 11.0;
				MTL_ENABLE_DEBUG_INFO = YES;
				ONLY_ACTIVE_ARCH = YES;
				SDKROOT = iphoneos;
				SWIFT_ACTIVE_COMPILATION_CONDITIONS = DEBUG;
				SWIFT_OPTIMIZATION_LEVEL = "-Onone";
			};
			name = Debug;
		};
		BB93E7B31EE68D3D00B9CCBC /* Release */ = {
			isa = XCBuildConfiguration;
			buildSettings = {
				ALWAYS_SEARCH_USER_PATHS = NO;
				CLANG_ANALYZER_NONNULL = YES;
				CLANG_ANALYZER_NUMBER_OBJECT_CONVERSION = YES_AGGRESSIVE;
				CLANG_CXX_LANGUAGE_STANDARD = "gnu++14";
				CLANG_CXX_LIBRARY = "libc++";
				CLANG_ENABLE_MODULES = YES;
				CLANG_ENABLE_OBJC_ARC = YES;
				CLANG_WARN_BLOCK_CAPTURE_AUTORELEASING = YES;
				CLANG_WARN_BOOL_CONVERSION = YES;
				CLANG_WARN_COMMA = YES;
				CLANG_WARN_CONSTANT_CONVERSION = YES;
				CLANG_WARN_DIRECT_OBJC_ISA_USAGE = YES_ERROR;
				CLANG_WARN_DOCUMENTATION_COMMENTS = YES;
				CLANG_WARN_EMPTY_BODY = YES;
				CLANG_WARN_ENUM_CONVERSION = YES;
				CLANG_WARN_INFINITE_RECURSION = YES;
				CLANG_WARN_INT_CONVERSION = YES;
				CLANG_WARN_OBJC_ROOT_CLASS = YES_ERROR;
				CLANG_WARN_RANGE_LOOP_ANALYSIS = YES;
				CLANG_WARN_STRICT_PROTOTYPES = YES;
				CLANG_WARN_SUSPICIOUS_MOVE = YES;
				CLANG_WARN_UNGUARDED_AVAILABILITY = YES_AGGRESSIVE;
				CLANG_WARN_UNREACHABLE_CODE = YES;
				CLANG_WARN__DUPLICATE_METHOD_MATCH = YES;
				CODE_SIGN_IDENTITY = "iPhone Developer";
				COPY_PHASE_STRIP = NO;
				DEBUG_INFORMATION_FORMAT = "dwarf-with-dsym";
				ENABLE_NS_ASSERTIONS = NO;
				ENABLE_STRICT_OBJC_MSGSEND = YES;
				GCC_C_LANGUAGE_STANDARD = gnu11;
				GCC_NO_COMMON_BLOCKS = YES;
				GCC_WARN_64_TO_32_BIT_CONVERSION = YES;
				GCC_WARN_ABOUT_RETURN_TYPE = YES_ERROR;
				GCC_WARN_UNDECLARED_SELECTOR = YES;
				GCC_WARN_UNINITIALIZED_AUTOS = YES_AGGRESSIVE;
				GCC_WARN_UNUSED_FUNCTION = YES;
				GCC_WARN_UNUSED_VARIABLE = YES;
				IPHONEOS_DEPLOYMENT_TARGET = 11.0;
				MTL_ENABLE_DEBUG_INFO = NO;
				SDKROOT = iphoneos;
				SWIFT_OPTIMIZATION_LEVEL = "-Owholemodule";
				VALIDATE_PRODUCT = YES;
			};
			name = Release;
		};
		BB93E7B51EE68D3D00B9CCBC /* Debug */ = {
			isa = XCBuildConfiguration;
			buildSettings = {
				ASSETCATALOG_COMPILER_APPICON_NAME = AppIcon;
				DEVELOPMENT_TEAM = FH9QG7ZJR9;
				INFOPLIST_FILE = SourceContrlTest/Info.plist;
				LD_RUNPATH_SEARCH_PATHS = "$(inherited) @executable_path/Frameworks";
				PRODUCT_BUNDLE_IDENTIFIER = in.fourplex.SourceContrlTest;
				PRODUCT_NAME = "$(TARGET_NAME)";
				SWIFT_VERSION = 4.0;
				TARGETED_DEVICE_FAMILY = "1,2";
			};
			name = Debug;
		};
		BB93E7B61EE68D3D00B9CCBC /* Release */ = {
			isa = XCBuildConfiguration;
			buildSettings = {
				ASSETCATALOG_COMPILER_APPICON_NAME = AppIcon;
				DEVELOPMENT_TEAM = FH9QG7ZJR9;
				INFOPLIST_FILE = SourceContrlTest/Info.plist;
				LD_RUNPATH_SEARCH_PATHS = "$(inherited) @executable_path/Frameworks";
				PRODUCT_BUNDLE_IDENTIFIER = in.fourplex.SourceContrlTest;
				PRODUCT_NAME = "$(TARGET_NAME)";
				SWIFT_VERSION = 4.0;
				TARGETED_DEVICE_FAMILY = "1,2";
			};
			name = Release;
		};
/* End XCBuildConfiguration section */

/* Begin XCConfigurationList section */
		BB93E79D1EE68D3D00B9CCBC /* Build configuration list for PBXProject "SourceContrlTest" */ = {
			isa = XCConfigurationList;
			buildConfigurations = (
				BB93E7B21EE68D3D00B9CCBC /* Debug */,
				BB93E7B31EE68D3D00B9CCBC /* Release */,
			);
			defaultConfigurationIsVisible = 0;
			defaultConfigurationName = Release;
		};
		BB93E7B41EE68D3D00B9CCBC /* Build configuration list for PBXNativeTarget "SourceContrlTest" */ = {
			isa = XCConfigurationList;
			buildConfigurations = (
				BB93E7B51EE68D3D00B9CCBC /* Debug */,
				BB93E7B61EE68D3D00B9CCBC /* Release */,
			);
			defaultConfigurationIsVisible = 0;
		};
/* End XCConfigurationList section */
	};
	rootObject = BB93E79A1EE68D3D00B9CCBC /* Project object */;
}
